
Microsoft Visual Studio Solution File, Format Version 12.00
# Visual Studio Version 16
VisualStudioVersion = 16.0.30114.105
MinimumVisualStudioVersion = 10.0.40219.1
Project("{2150E333-8FDC-42A3-9474-1A3956D46DE8}") = "Domain", "Domain", "{7D09B13D-4DB8-4024-830A-6DDAB8CE7924}"
EndProject
Project("{FAE04EC0-301F-11D3-BF4B-00C04F79EFBC}") = "MicroRabbit.Domain.Core", "Domain\MicroRabbit.Domain.Core\MicroRabbit.Domain.Core.csproj", "{57F922B0-99BD-42D4-B273-AE7F2EFBA9B6}"
EndProject
Project("{2150E333-8FDC-42A3-9474-1A3956D46DE8}") = "Infra.Bus", "Infra.Bus", "{9E2A2DC7-3456-497D-99A3-A366FAF08043}"
EndProject
Project("{FAE04EC0-301F-11D3-BF4B-00C04F79EFBC}") = "MicroRabbit.Infra.Bus", "Infra.Bus\MicroRabbit.Infra.Bus\MicroRabbit.Infra.Bus.csproj", "{11BEA3A8-8178-47B7-B2F0-50487C956D4B}"
EndProject
Project("{2150E333-8FDC-42A3-9474-1A3956D46DE8}") = "Infra.IoC", "Infra.IoC", "{FD30BBC2-0070-4A86-8347-1C8CC3D20D5A}"
EndProject
Project("{FAE04EC0-301F-11D3-BF4B-00C04F79EFBC}") = "MicroRabbit.Infra.IoC", "Infra.IoC\MicroRabbit.Infra.IoC\MicroRabbit.Infra.IoC.csproj", "{46D75E9A-8DD5-4CCF-8739-DB73482AEDDD}"
EndProject
Project("{2150E333-8FDC-42A3-9474-1A3956D46DE8}") = "Microservices", "Microservices", "{D46110D6-A993-4570-B454-F84AF85B69D9}"
EndProject
Project("{2150E333-8FDC-42A3-9474-1A3956D46DE8}") = "Banking", "Banking", "{19AAB44A-923C-4E1F-AF28-55C6782D9609}"
EndProject
Project("{2150E333-8FDC-42A3-9474-1A3956D46DE8}") = "Api", "Api", "{A168337D-3CC9-406E-9B63-B48646C6C9DB}"
EndProject
Project("{FAE04EC0-301F-11D3-BF4B-00C04F79EFBC}") = "MicroRabbit.Banking.Api", "Microservices\Banking\Api\MicroRabbit.Banking.Api\MicroRabbit.Banking.Api.csproj", "{A3BF804C-604C-4466-B5A1-9E9B7C72FD89}"
EndProject
Project("{2150E333-8FDC-42A3-9474-1A3956D46DE8}") = "Application", "Application", "{43F7A9AF-B3C8-4001-AAE8-782901B7628E}"
EndProject
Project("{FAE04EC0-301F-11D3-BF4B-00C04F79EFBC}") = "MicroRabbit.Banking.Application", "Microservices\Banking\Application\MicroRabbit.Banking.Application\MicroRabbit.Banking.Application.csproj", "{7B8513C9-BA23-4359-AA87-4D3110CC7183}"
EndProject
Project("{2150E333-8FDC-42A3-9474-1A3956D46DE8}") = "Data", "Data", "{170AD827-DCD2-4C05-9135-A20F1B57318C}"
EndProject
Project("{FAE04EC0-301F-11D3-BF4B-00C04F79EFBC}") = "MicroRabbit.Banking.Data", "Microservices\Banking\Data\MicroRabbit.Banking.Data\MicroRabbit.Banking.Data.csproj", "{ABD610B9-5910-49F9-BE27-8B8623B7C88B}"
EndProject
Project("{2150E333-8FDC-42A3-9474-1A3956D46DE8}") = "Domain", "Domain", "{EB667FE0-4F17-4B03-8ACD-7706311C9366}"
EndProject
Project("{FAE04EC0-301F-11D3-BF4B-00C04F79EFBC}") = "MicroRabbit.Banking.Domain", "Microservices\Banking\Domain\MicroRabbit.Banking.Domain\MicroRabbit.Banking.Domain.csproj", "{A8CE2A2C-D8CF-4E66-A480-D681C671BB0D}"
EndProject
Project("{2150E333-8FDC-42A3-9474-1A3956D46DE8}") = "Transfer", "Transfer", "{B0C3609F-496F-47E0-B90B-BDAA8C10718B}"
EndProject
Project("{2150E333-8FDC-42A3-9474-1A3956D46DE8}") = "Domain", "Domain", "{3C50CAEF-530C-498D-813F-EF27D76BCF34}"
EndProject
Project("{FAE04EC0-301F-11D3-BF4B-00C04F79EFBC}") = "MicroRabbit.Transfer.Domain", "Microservices\Transfer\Domain\MicroRabbit.Transfer.Domain\MicroRabbit.Transfer.Domain.csproj", "{DC6DE9EF-E761-4F19-A368-6A51F14AD460}"
EndProject
Project("{2150E333-8FDC-42A3-9474-1A3956D46DE8}") = "Data", "Data", "{D4324E09-2329-4CA5-BED2-FB123DFF9B34}"
EndProject
Project("{FAE04EC0-301F-11D3-BF4B-00C04F79EFBC}") = "MicroRabbit.Transfer.Data", "Microservices\Transfer\Data\MicroRabbit.Transfer.Data\MicroRabbit.Transfer.Data.csproj", "{994572AE-A4EC-432E-9B9A-1ADDE8351087}"
EndProject
Project("{2150E333-8FDC-42A3-9474-1A3956D46DE8}") = "Application", "Application", "{26CE592F-A627-405D-9FE4-16D0B7267D5C}"
EndProject
Project("{FAE04EC0-301F-11D3-BF4B-00C04F79EFBC}") = "MicroRabbit.Transfer.Application", "Microservices\Transfer\Application\MicroRabbit.Transfer.Application\MicroRabbit.Transfer.Application.csproj", "{E1CD6257-AC19-4712-9224-A3B97BA1DDA6}"
EndProject
Project("{2150E333-8FDC-42A3-9474-1A3956D46DE8}") = "Api", "Api", "{AC0B31B2-10E8-4F0D-AE41-A2FB8EC19CD3}"
EndProject
Project("{FAE04EC0-301F-11D3-BF4B-00C04F79EFBC}") = "MicroRabbit.Transfer.Api", "Microservices\Transfer\Api\MicroRabbit.Transfer.Api\MicroRabbit.Transfer.Api.csproj", "{097E693E-2347-47B7-8397-B9C5D3070385}"
EndProject
Project("{2150E333-8FDC-42A3-9474-1A3956D46DE8}") = "Presentation", "Presentation", "{77068718-EEA8-41CB-9515-F07CC603AECE}"
EndProject
Project("{FAE04EC0-301F-11D3-BF4B-00C04F79EFBC}") = "MicroRabbit.MVC", "Presentation\MicroRabbit.MVC\MicroRabbit.MVC.csproj", "{9BFDA781-6C16-465A-A66A-599E91885EB9}"
EndProject
Global
	GlobalSection(SolutionConfigurationPlatforms) = preSolution
		Debug|Any CPU = Debug|Any CPU
		Release|Any CPU = Release|Any CPU
	EndGlobalSection
	GlobalSection(SolutionProperties) = preSolution
		HideSolutionNode = FALSE
	EndGlobalSection
	GlobalSection(ProjectConfigurationPlatforms) = postSolution
		{57F922B0-99BD-42D4-B273-AE7F2EFBA9B6}.Debug|Any CPU.ActiveCfg = Debug|Any CPU
		{57F922B0-99BD-42D4-B273-AE7F2EFBA9B6}.Debug|Any CPU.Build.0 = Debug|Any CPU
		{57F922B0-99BD-42D4-B273-AE7F2EFBA9B6}.Release|Any CPU.ActiveCfg = Release|Any CPU
		{57F922B0-99BD-42D4-B273-AE7F2EFBA9B6}.Release|Any CPU.Build.0 = Release|Any CPU
		{11BEA3A8-8178-47B7-B2F0-50487C956D4B}.Debug|Any CPU.ActiveCfg = Debug|Any CPU
		{11BEA3A8-8178-47B7-B2F0-50487C956D4B}.Debug|Any CPU.Build.0 = Debug|Any CPU
		{11BEA3A8-8178-47B7-B2F0-50487C956D4B}.Release|Any CPU.ActiveCfg = Release|Any CPU
		{11BEA3A8-8178-47B7-B2F0-50487C956D4B}.Release|Any CPU.Build.0 = Release|Any CPU
		{46D75E9A-8DD5-4CCF-8739-DB73482AEDDD}.Debug|Any CPU.ActiveCfg = Debug|Any CPU
		{46D75E9A-8DD5-4CCF-8739-DB73482AEDDD}.Debug|Any CPU.Build.0 = Debug|Any CPU
		{46D75E9A-8DD5-4CCF-8739-DB73482AEDDD}.Release|Any CPU.ActiveCfg = Release|Any CPU
		{46D75E9A-8DD5-4CCF-8739-DB73482AEDDD}.Release|Any CPU.Build.0 = Release|Any CPU
		{A3BF804C-604C-4466-B5A1-9E9B7C72FD89}.Debug|Any CPU.ActiveCfg = Debug|Any CPU
		{A3BF804C-604C-4466-B5A1-9E9B7C72FD89}.Debug|Any CPU.Build.0 = Debug|Any CPU
		{A3BF804C-604C-4466-B5A1-9E9B7C72FD89}.Release|Any CPU.ActiveCfg = Release|Any CPU
		{A3BF804C-604C-4466-B5A1-9E9B7C72FD89}.Release|Any CPU.Build.0 = Release|Any CPU
		{7B8513C9-BA23-4359-AA87-4D3110CC7183}.Debug|Any CPU.ActiveCfg = Debug|Any CPU
		{7B8513C9-BA23-4359-AA87-4D3110CC7183}.Debug|Any CPU.Build.0 = Debug|Any CPU
		{7B8513C9-BA23-4359-AA87-4D3110CC7183}.Release|Any CPU.ActiveCfg = Release|Any CPU
		{7B8513C9-BA23-4359-AA87-4D3110CC7183}.Release|Any CPU.Build.0 = Release|Any CPU
		{ABD610B9-5910-49F9-BE27-8B8623B7C88B}.Debug|Any CPU.ActiveCfg = Debug|Any CPU
		{ABD610B9-5910-49F9-BE27-8B8623B7C88B}.Debug|Any CPU.Build.0 = Debug|Any CPU
		{ABD610B9-5910-49F9-BE27-8B8623B7C88B}.Release|Any CPU.ActiveCfg = Release|Any CPU
		{ABD610B9-5910-49F9-BE27-8B8623B7C88B}.Release|Any CPU.Build.0 = Release|Any CPU
		{A8CE2A2C-D8CF-4E66-A480-D681C671BB0D}.Debug|Any CPU.ActiveCfg = Debug|Any CPU
		{A8CE2A2C-D8CF-4E66-A480-D681C671BB0D}.Debug|Any CPU.Build.0 = Debug|Any CPU
		{A8CE2A2C-D8CF-4E66-A480-D681C671BB0D}.Release|Any CPU.ActiveCfg = Release|Any CPU
		{A8CE2A2C-D8CF-4E66-A480-D681C671BB0D}.Release|Any CPU.Build.0 = Release|Any CPU
		{DC6DE9EF-E761-4F19-A368-6A51F14AD460}.Debug|Any CPU.ActiveCfg = Debug|Any CPU
		{DC6DE9EF-E761-4F19-A368-6A51F14AD460}.Debug|Any CPU.Build.0 = Debug|Any CPU
		{DC6DE9EF-E761-4F19-A368-6A51F14AD460}.Release|Any CPU.ActiveCfg = Release|Any CPU
		{DC6DE9EF-E761-4F19-A368-6A51F14AD460}.Release|Any CPU.Build.0 = Release|Any CPU
		{994572AE-A4EC-432E-9B9A-1ADDE8351087}.Debug|Any CPU.ActiveCfg = Debug|Any CPU
		{994572AE-A4EC-432E-9B9A-1ADDE8351087}.Debug|Any CPU.Build.0 = Debug|Any CPU
		{994572AE-A4EC-432E-9B9A-1ADDE8351087}.Release|Any CPU.ActiveCfg = Release|Any CPU
		{994572AE-A4EC-432E-9B9A-1ADDE8351087}.Release|Any CPU.Build.0 = Release|Any CPU
		{E1CD6257-AC19-4712-9224-A3B97BA1DDA6}.Debug|Any CPU.ActiveCfg = Debug|Any CPU
		{E1CD6257-AC19-4712-9224-A3B97BA1DDA6}.Debug|Any CPU.Build.0 = Debug|Any CPU
		{E1CD6257-AC19-4712-9224-A3B97BA1DDA6}.Release|Any CPU.ActiveCfg = Release|Any CPU
		{E1CD6257-AC19-4712-9224-A3B97BA1DDA6}.Release|Any CPU.Build.0 = Release|Any CPU
		{097E693E-2347-47B7-8397-B9C5D3070385}.Debug|Any CPU.ActiveCfg = Debug|Any CPU
		{097E693E-2347-47B7-8397-B9C5D3070385}.Debug|Any CPU.Build.0 = Debug|Any CPU
		{097E693E-2347-47B7-8397-B9C5D3070385}.Release|Any CPU.ActiveCfg = Release|Any CPU
		{097E693E-2347-47B7-8397-B9C5D3070385}.Release|Any CPU.Build.0 = Release|Any CPU
		{9BFDA781-6C16-465A-A66A-599E91885EB9}.Debug|Any CPU.ActiveCfg = Debug|Any CPU
		{9BFDA781-6C16-465A-A66A-599E91885EB9}.Debug|Any CPU.Build.0 = Debug|Any CPU
		{9BFDA781-6C16-465A-A66A-599E91885EB9}.Release|Any CPU.ActiveCfg = Release|Any CPU
		{9BFDA781-6C16-465A-A66A-599E91885EB9}.Release|Any CPU.Build.0 = Release|Any CPU
	EndGlobalSection
	GlobalSection(NestedProjects) = preSolution
		{57F922B0-99BD-42D4-B273-AE7F2EFBA9B6} = {7D09B13D-4DB8-4024-830A-6DDAB8CE7924}
		{11BEA3A8-8178-47B7-B2F0-50487C956D4B} = {9E2A2DC7-3456-497D-99A3-A366FAF08043}
		{46D75E9A-8DD5-4CCF-8739-DB73482AEDDD} = {FD30BBC2-0070-4A86-8347-1C8CC3D20D5A}
		{19AAB44A-923C-4E1F-AF28-55C6782D9609} = {D46110D6-A993-4570-B454-F84AF85B69D9}
		{A168337D-3CC9-406E-9B63-B48646C6C9DB} = {19AAB44A-923C-4E1F-AF28-55C6782D9609}
		{A3BF804C-604C-4466-B5A1-9E9B7C72FD89} = {A168337D-3CC9-406E-9B63-B48646C6C9DB}
		{43F7A9AF-B3C8-4001-AAE8-782901B7628E} = {19AAB44A-923C-4E1F-AF28-55C6782D9609}
		{7B8513C9-BA23-4359-AA87-4D3110CC7183} = {43F7A9AF-B3C8-4001-AAE8-782901B7628E}
		{170AD827-DCD2-4C05-9135-A20F1B57318C} = {19AAB44A-923C-4E1F-AF28-55C6782D9609}
		{ABD610B9-5910-49F9-BE27-8B8623B7C88B} = {170AD827-DCD2-4C05-9135-A20F1B57318C}
		{EB667FE0-4F17-4B03-8ACD-7706311C9366} = {19AAB44A-923C-4E1F-AF28-55C6782D9609}
		{A8CE2A2C-D8CF-4E66-A480-D681C671BB0D} = {EB667FE0-4F17-4B03-8ACD-7706311C9366}
		{B0C3609F-496F-47E0-B90B-BDAA8C10718B} = {D46110D6-A993-4570-B454-F84AF85B69D9}
		{3C50CAEF-530C-498D-813F-EF27D76BCF34} = {B0C3609F-496F-47E0-B90B-BDAA8C10718B}
		{DC6DE9EF-E761-4F19-A368-6A51F14AD460} = {3C50CAEF-530C-498D-813F-EF27D76BCF34}
		{D4324E09-2329-4CA5-BED2-FB123DFF9B34} = {B0C3609F-496F-47E0-B90B-BDAA8C10718B}
		{994572AE-A4EC-432E-9B9A-1ADDE8351087} = {D4324E09-2329-4CA5-BED2-FB123DFF9B34}
		{26CE592F-A627-405D-9FE4-16D0B7267D5C} = {B0C3609F-496F-47E0-B90B-BDAA8C10718B}
		{E1CD6257-AC19-4712-9224-A3B97BA1DDA6} = {26CE592F-A627-405D-9FE4-16D0B7267D5C}
		{AC0B31B2-10E8-4F0D-AE41-A2FB8EC19CD3} = {B0C3609F-496F-47E0-B90B-BDAA8C10718B}
		{097E693E-2347-47B7-8397-B9C5D3070385} = {AC0B31B2-10E8-4F0D-AE41-A2FB8EC19CD3}
		{9BFDA781-6C16-465A-A66A-599E91885EB9} = {77068718-EEA8-41CB-9515-F07CC603AECE}
	EndGlobalSection
EndGlobal
